
Microsoft Visual Studio Solution File, Format Version 12.00
# Visual Studio Version 17
VisualStudioVersion = 17.0.31919.166
MinimumVisualStudioVersion = 10.0.40219.1
Project("{FAE04EC0-301F-11D3-BF4B-00C04F79EFBC}") = "MLProject", "MLProject\MLProject.csproj", "{E7703F19-2A94-4DE6-8740-B27953AC0E5F}"
EndProject
Project("{9A19103F-16F7-4668-BE54-9A1E7A4F7556}") = "MLModelCow_Model", "MLModelCow_Model\MLModelCow_Model.csproj", "{052DBA1C-182F-41EA-80BA-A10DB190FC2F}"
EndProject
Project("{9A19103F-16F7-4668-BE54-9A1E7A4F7556}") = "MLModelDog_Model", "MLModelDog_Model\MLModelDog_Model.csproj", "{5BE29D79-FA8F-4321-A0DF-23208A7DA7BD}"
EndProject
Project("{9A19103F-16F7-4668-BE54-9A1E7A4F7556}") = "MLModelAnimal_Model", "MLModelAnimal_Model\MLModelAnimal_Model.csproj", "{F531F5E9-43E1-4A97-9653-1895BD1AFAB8}"
EndProject
Project("{9A19103F-16F7-4668-BE54-9A1E7A4F7556}") = "MLModelButterfly_Model", "MLModelButterfly_Model\MLModelButterfly_Model.csproj", "{E8E59B64-CDD8-4EB0-AAB4-02EE09F77A42}"
EndProject
Global
	GlobalSection(SolutionConfigurationPlatforms) = preSolution
		Debug|Any CPU = Debug|Any CPU
		Release|Any CPU = Release|Any CPU
	EndGlobalSection
	GlobalSection(ProjectConfigurationPlatforms) = postSolution
		{E7703F19-2A94-4DE6-8740-B27953AC0E5F}.Debug|Any CPU.ActiveCfg = Debug|Any CPU
		{E7703F19-2A94-4DE6-8740-B27953AC0E5F}.Debug|Any CPU.Build.0 = Debug|Any CPU
		{E7703F19-2A94-4DE6-8740-B27953AC0E5F}.Release|Any CPU.ActiveCfg = Release|Any CPU
		{E7703F19-2A94-4DE6-8740-B27953AC0E5F}.Release|Any CPU.Build.0 = Release|Any CPU
		{052DBA1C-182F-41EA-80BA-A10DB190FC2F}.Debug|Any CPU.ActiveCfg = Debug|Any CPU
		{052DBA1C-182F-41EA-80BA-A10DB190FC2F}.Debug|Any CPU.Build.0 = Debug|Any CPU
		{052DBA1C-182F-41EA-80BA-A10DB190FC2F}.Release|Any CPU.ActiveCfg = Release|Any CPU
		{052DBA1C-182F-41EA-80BA-A10DB190FC2F}.Release|Any CPU.Build.0 = Release|Any CPU
		{5BE29D79-FA8F-4321-A0DF-23208A7DA7BD}.Debug|Any CPU.ActiveCfg = Debug|Any CPU
		{5BE29D79-FA8F-4321-A0DF-23208A7DA7BD}.Debug|Any CPU.Build.0 = Debug|Any CPU
		{5BE29D79-FA8F-4321-A0DF-23208A7DA7BD}.Release|Any CPU.ActiveCfg = Release|Any CPU
		{5BE29D79-FA8F-4321-A0DF-23208A7DA7BD}.Release|Any CPU.Build.0 = Release|Any CPU
		{F531F5E9-43E1-4A97-9653-1895BD1AFAB8}.Debug|Any CPU.ActiveCfg = Debug|Any CPU
		{F531F5E9-43E1-4A97-9653-1895BD1AFAB8}.Debug|Any CPU.Build.0 = Debug|Any CPU
		{F531F5E9-43E1-4A97-9653-1895BD1AFAB8}.Release|Any CPU.ActiveCfg = Release|Any CPU
		{F531F5E9-43E1-4A97-9653-1895BD1AFAB8}.Release|Any CPU.Build.0 = Release|Any CPU
		{E8E59B64-CDD8-4EB0-AAB4-02EE09F77A42}.Debug|Any CPU.ActiveCfg = Debug|Any CPU
		{E8E59B64-CDD8-4EB0-AAB4-02EE09F77A42}.Debug|Any CPU.Build.0 = Debug|Any CPU
		{E8E59B64-CDD8-4EB0-AAB4-02EE09F77A42}.Release|Any CPU.ActiveCfg = Release|Any CPU
		{E8E59B64-CDD8-4EB0-AAB4-02EE09F77A42}.Release|Any CPU.Build.0 = Release|Any CPU
	EndGlobalSection
	GlobalSection(SolutionProperties) = preSolution
		HideSolutionNode = FALSE
	EndGlobalSection
	GlobalSection(ExtensibilityGlobals) = postSolution
		SolutionGuid = {C9D9A686-9545-41FC-841D-39F4C7BB63ED}
	EndGlobalSection
EndGlobal
